
Microsoft Visual Studio Solution File, Format Version 12.00
# Visual Studio 15
VisualStudioVersion = 15.0.27428.2037
MinimumVisualStudioVersion = 10.0.40219.1
Project("{FAE04EC0-301F-11D3-BF4B-00C04F79EFBC}") = "SpecFlowMSTestUnitTestProject", "SpecFlowMSTestUnitTestProject\SpecFlowMSTestUnitTestProject.csproj", "{EEC6C9A6-A561-4E17-BDE3-B6411DA0DB4C}"
EndProject
Project("{FAE04EC0-301F-11D3-BF4B-00C04F79EFBC}") = "SpecFlowXUnitTestProject", "SpecFlowXUnitTestProject\SpecFlowXUnitTestProject.csproj", "{097EE37C-4C51-4C4A-B7C3-75A97D94104B}"
EndProject
Project("{FAE04EC0-301F-11D3-BF4B-00C04F79EFBC}") = "SpecFlowNUnitTestProject", "SpecFlowNUnitTestProject\SpecFlowNUnitTestProject.csproj", "{46F0F05F-E8DB-42D9-BFFC-A0BFD240FE75}"
EndProject
Project("{FAE04EC0-301F-11D3-BF4B-00C04F79EFBC}") = "SpecFlowWebServiceTest", "SpecFlowWebServiceTest\SpecFlowWebServiceTest.csproj", "{4A513D0F-5A7A-4567-B83A-05C4C6FCDC19}"
EndProject
Project("{2150E333-8FDC-42A3-9474-1A3956D46DE8}") = "Solution Items", "Solution Items", "{703B3E3A-8B13-4712-AF5D-3463B78EDE27}"
	ProjectSection(SolutionItems) = preProject
		Local.testsettings = Local.testsettings
	EndProjectSection
EndProject
Global
	GlobalSection(SolutionConfigurationPlatforms) = preSolution
		Debug|Any CPU = Debug|Any CPU
		Release|Any CPU = Release|Any CPU
	EndGlobalSection
	GlobalSection(ProjectConfigurationPlatforms) = postSolution
		{EEC6C9A6-A561-4E17-BDE3-B6411DA0DB4C}.Debug|Any CPU.ActiveCfg = Debug|Any CPU
		{EEC6C9A6-A561-4E17-BDE3-B6411DA0DB4C}.Debug|Any CPU.Build.0 = Debug|Any CPU
		{EEC6C9A6-A561-4E17-BDE3-B6411DA0DB4C}.Release|Any CPU.ActiveCfg = Release|Any CPU
		{EEC6C9A6-A561-4E17-BDE3-B6411DA0DB4C}.Release|Any CPU.Build.0 = Release|Any CPU
		{097EE37C-4C51-4C4A-B7C3-75A97D94104B}.Debug|Any CPU.ActiveCfg = Debug|Any CPU
		{097EE37C-4C51-4C4A-B7C3-75A97D94104B}.Debug|Any CPU.Build.0 = Debug|Any CPU
		{097EE37C-4C51-4C4A-B7C3-75A97D94104B}.Release|Any CPU.ActiveCfg = Release|Any CPU
		{097EE37C-4C51-4C4A-B7C3-75A97D94104B}.Release|Any CPU.Build.0 = Release|Any CPU
		{46F0F05F-E8DB-42D9-BFFC-A0BFD240FE75}.Debug|Any CPU.ActiveCfg = Debug|Any CPU
		{46F0F05F-E8DB-42D9-BFFC-A0BFD240FE75}.Debug|Any CPU.Build.0 = Debug|Any CPU
		{46F0F05F-E8DB-42D9-BFFC-A0BFD240FE75}.Release|Any CPU.ActiveCfg = Release|Any CPU
		{46F0F05F-E8DB-42D9-BFFC-A0BFD240FE75}.Release|Any CPU.Build.0 = Release|Any CPU
		{4A513D0F-5A7A-4567-B83A-05C4C6FCDC19}.Debug|Any CPU.ActiveCfg = Debug|Any CPU
		{4A513D0F-5A7A-4567-B83A-05C4C6FCDC19}.Debug|Any CPU.Build.0 = Debug|Any CPU
		{4A513D0F-5A7A-4567-B83A-05C4C6FCDC19}.Release|Any CPU.ActiveCfg = Release|Any CPU
		{4A513D0F-5A7A-4567-B83A-05C4C6FCDC19}.Release|Any CPU.Build.0 = Release|Any CPU
	EndGlobalSection
	GlobalSection(SolutionProperties) = preSolution
		HideSolutionNode = FALSE
	EndGlobalSection
	GlobalSection(ExtensibilityGlobals) = postSolution
		SolutionGuid = {68DF2EF2-1FFF-485E-9426-43C5CFCA27FB}
	EndGlobalSection
EndGlobal
